
Microsoft Visual Studio Solution File, Format Version 12.00
# Visual Studio Version 17
VisualStudioVersion = 17.14.37411.7 d17.14
MinimumVisualStudioVersion = 10.0.40219.1
Project("{FAE04EC0-301F-11D3-BF4B-00C04F79EFBC}") = "PPModel", "PPModel\PPModel.csproj", "{307169CA-1538-4322-9524-7B8B7647B8CE}"
EndProject
Global
	GlobalSection(SolutionConfigurationPlatforms) = preSolution
		Debug|Any CPU = Debug|Any CPU
		Release|Any CPU = Release|Any CPU
	EndGlobalSection
	GlobalSection(ProjectConfigurationPlatforms) = postSolution
		{307169CA-1538-4322-9524-7B8B7647B8CE}.Debug|Any CPU.ActiveCfg = Debug|Any CPU
		{307169CA-1538-4322-9524-7B8B7647B8CE}.Debug|Any CPU.Build.0 = Debug|Any CPU
		{307169CA-1538-4322-9524-7B8B7647B8CE}.Release|Any CPU.ActiveCfg = Release|Any CPU
		{307169CA-1538-4322-9524-7B8B7647B8CE}.Release|Any CPU.Build.0 = Release|Any CPU
	EndGlobalSection
	GlobalSection(SolutionProperties) = preSolution
		HideSolutionNode = FALSE
	EndGlobalSection
	GlobalSection(ExtensibilityGlobals) = postSolution
		SolutionGuid = {1764A399-C2A2-44A8-847B-34A50F275A2B}
	EndGlobalSection
EndGlobal
